# THIS IS AN AUTOGENERATED FILE. DO NOT EDIT THIS FILE DIRECTLY.
# yarn lockfile v1


"@esbuild/android-arm@0.15.18":
  version "0.15.18"
  resolved "https://registry.yarnpkg.com/@esbuild/android-arm/-/android-arm-0.15.18.tgz#266d40b8fdcf87962df8af05b76219bc786b4f80"
  integrity sha512-5GT+kcs2WVGjVs7+boataCkO5Fg0y4kCjzkB5bAip7H4jfnOS3dA6KPiww9W1OEKTKeAcUVhdZGvgI65OXmUnw==

"@esbuild/linux-loong64@0.15.18":
  version "0.15.18"
  resolved "https://registry.yarnpkg.com/@esbuild/linux-loong64/-/linux-loong64-0.15.18.tgz#128b76ecb9be48b60cf5cfc1c63a4f00691a3239"
  integrity sha512-L4jVKS82XVhw2nvzLg/19ClLWg0y27ulRwuP7lcyL6AbUWB5aPglXY3M21mauDQMDfRLs8cQmeT03r/+X3cZYQ==

"@league-of-foundry-developers/foundry-vtt-types@^9.280.0":
  version "9.280.0"
  resolved "https://registry.yarnpkg.com/@league-of-foundry-developers/foundry-vtt-types/-/foundry-vtt-types-9.280.0.tgz#d2d7a7f0e2e0fff7d5ada28154caf076374809d8"
  integrity sha512-Dv8/+kgAnI2F5snSWcnMnZsgO/87AFyBruflluZkWDbP7Pm5qi32GlNYCDEg7HMKybzyKmgLV2qXMmYPHtCT7w==
  dependencies:
    "@pixi/graphics-smooth" "0.0.22"
    "@types/jquery" "~3.5.9"
    "@types/simple-peer" "~9.11.1"
    handlebars "4.7.7"
    pixi-particles "4.3.1"
    pixi.js "5.3.11"
    socket.io-client "4.3.2"
    tinymce "5.10.1"

"@pixi/accessibility@5.3.11":
  version "5.3.11"
  resolved "https://registry.yarnpkg.com/@pixi/accessibility/-/accessibility-5.3.11.tgz#0afe83b557820c31ef789ca2c9269177dbbfc1b7"
  integrity sha512-/oSizd8/g6KUCeAlknMLJ9CRxBt+vWs6e2DrOctMoRupEHcmhICCjIyAp5GF6RZy9T9gNHDOU5p7vo7qEyVxgQ==
  dependencies:
    "@pixi/core" "5.3.11"
    "@pixi/display" "5.3.11"
    "@pixi/utils" "5.3.11"

"@pixi/app@5.3.11":
  version "5.3.11"
  resolved "https://registry.yarnpkg.com/@pixi/app/-/app-5.3.11.tgz#2185185b19bc4a19f35355335f5845f4c8404e59"
  integrity sha512-ZWrOjGvVl+lK5OJQT3OqSnSRtU2XgQSe/ULg2uGsSWUqMkJews33JIGOjvk4tIsjm4ekSKiPZRMdYFHzPfgEJg==
  dependencies:
    "@pixi/core" "5.3.11"
    "@pixi/display" "5.3.11"

"@pixi/constants@5.3.11":
  version "5.3.11"
  resolved "https://registry.yarnpkg.com/@pixi/constants/-/constants-5.3.11.tgz#6bda69ecb9e5dc2cbaefa44d245c5f9b08080069"
  integrity sha512-KwutCRu8dRYn3956ygPJlvglHjJM99OS2Qhp4QYG8a4BsPcwfpInsHUtGHngtsTZbnx32pxCd3pg9nPiV8EuVA==

"@pixi/core@5.3.11":
  version "5.3.11"
  resolved "https://registry.yarnpkg.com/@pixi/core/-/core-5.3.11.tgz#c849e2fcc65376ded58f05c6e73df0b42b6f4336"
  integrity sha512-U71OiC3rNt45/h8kaLGAQL4XsNh/ISoZtxVQNbtKTXlgjEAy1Q01Ht80yl0UJdiVxYQFlanCS/IG4++OkygioA==
  dependencies:
    "@pixi/constants" "5.3.11"
    "@pixi/math" "5.3.11"
    "@pixi/runner" "5.3.11"
    "@pixi/settings" "5.3.11"
    "@pixi/ticker" "5.3.11"
    "@pixi/utils" "5.3.11"

"@pixi/display@5.3.11":
  version "5.3.11"
  resolved "https://registry.yarnpkg.com/@pixi/display/-/display-5.3.11.tgz#ff1a122d1f87d57dfc18df7690d4dc5553fd2574"
  integrity sha512-rxUyB+RMJ7esEa11HdvzsularDGkYlRqpUn1ju9ZsRuB/Qo9JiVolywvWGSWxN/WnDGfrU2GjDpq9id10nwiag==
  dependencies:
    "@pixi/math" "5.3.11"
    "@pixi/settings" "5.3.11"
    "@pixi/utils" "5.3.11"

"@pixi/extract@5.3.11":
  version "5.3.11"
  resolved "https://registry.yarnpkg.com/@pixi/extract/-/extract-5.3.11.tgz#4474a6e5b1bbd83b61d9cc79565d2be1491c0e53"
  integrity sha512-YeBrpIO3E5HUgcdKEldCUqwwDNHm5OBe98YFcdLr5Z0+dQaHnxp9Dm4n75/NojoGb5guYdrV00x+gU2UPHsVdw==
  dependencies:
    "@pixi/core" "5.3.11"
    "@pixi/math" "5.3.11"
    "@pixi/utils" "5.3.11"

"@pixi/filter-alpha@5.3.11":
  version "5.3.11"
  resolved "https://registry.yarnpkg.com/@pixi/filter-alpha/-/filter-alpha-5.3.11.tgz#b4059e8165fdac62d4404e3dab49f3433912c8ee"
  integrity sha512-HC4PbiEqDWSi3A715av7knFqD3knSXRxPJKG9mWat2CU9eCizSw+JxXp/okMU/fL4ewooiqQWVU2l1wXOHhVFw==
  dependencies:
    "@pixi/core" "5.3.11"

"@pixi/filter-blur@5.3.11":
  version "5.3.11"
  resolved "https://registry.yarnpkg.com/@pixi/filter-blur/-/filter-blur-5.3.11.tgz#59d46f3f2821b482ad42877cd45a9e0527016f52"
  integrity sha512-iW5cOMEcDiJidOV95bUfhxdcvwM9JzCoWAd+92gAie8L+ElRSHpu1jxXbKHjo/QczQV1LulOlheyDaJNpaBCDg==
  dependencies:
    "@pixi/core" "5.3.11"
    "@pixi/settings" "5.3.11"

"@pixi/filter-color-matrix@5.3.11":
  version "5.3.11"
  resolved "https://registry.yarnpkg.com/@pixi/filter-color-matrix/-/filter-color-matrix-5.3.11.tgz#dd905b62d3932498be46b44cc77af92fc92ae0d0"
  integrity sha512-u9NT4+N1I3XV9ygwsmF8/jIwCLqNCLeFOdM4f73kbw/UmakZZ6i6xjjJMc5YFUpC25qDr1TFlqgdGGGHAPl4ug==
  dependencies:
    "@pixi/core" "5.3.11"

"@pixi/filter-displacement@5.3.11":
  version "5.3.11"
  resolved "https://registry.yarnpkg.com/@pixi/filter-displacement/-/filter-displacement-5.3.11.tgz#14d6a1d0e6cbcb9801ba836a5313e077319d7109"
  integrity sha512-CTIy7C/L9I1X3VNx4nMzQbMFvznsGk2viQh0dSo8r5NLgmaAdxhkGI0KUpNjLBz30278tzFfNuRe59K1y1kHuw==
  dependencies:
    "@pixi/core" "5.3.11"
    "@pixi/math" "5.3.11"

"@pixi/filter-fxaa@5.3.11":
  version "5.3.11"
  resolved "https://registry.yarnpkg.com/@pixi/filter-fxaa/-/filter-fxaa-5.3.11.tgz#59f6579348ff1b35467839df40bf5c77383b3835"
  integrity sha512-0ahjui5385e1vRvd7zCc0n5W8ULtNI1uVbDJHP9ueeiF25TKC0GqtZzntNwrQPoU46q8zXdnIGjzMpikbbAasg==
  dependencies:
    "@pixi/core" "5.3.11"

"@pixi/filter-noise@5.3.11":
  version "5.3.11"
  resolved "https://registry.yarnpkg.com/@pixi/filter-noise/-/filter-noise-5.3.11.tgz#a133405792ff93b10a2bec78e7ea2683ce4f3052"
  integrity sha512-98WC9Nd5u2F03Ned9T3vnbmO/YF1jLSioZ623z9wjqpd5DosZgRtYTSGxjVcXTSfpviIuiJpkyF+X097pbVprg==
  dependencies:
    "@pixi/core" "5.3.11"

"@pixi/graphics-smooth@0.0.22":
  version "0.0.22"
  resolved "https://registry.yarnpkg.com/@pixi/graphics-smooth/-/graphics-smooth-0.0.22.tgz#4a848f4a42f7f37fe33782812363c7434261a252"
  integrity sha512-qq2u+BJBIDBuuSTc2Xzm1D/8RiiKBdxnVDiMb7Go5v8achnV5ctC6m+rf8Mq0sWm66mbOqu1aq/9efT4A4sPrA==

"@pixi/graphics@5.3.11":
  version "5.3.11"
  resolved "https://registry.yarnpkg.com/@pixi/graphics/-/graphics-5.3.11.tgz#13612bfc464ac6e53835731e9f6e241dc0c5184b"
  integrity sha512-HLu53LV6mRlY0uFSIM2OrCuL7xqXzeJs5d2QfmUJfKJVVZ9sbHDS+6/N/f0tXzvkRPYhSKXvcNPsNn4HmlIE9w==
  dependencies:
    "@pixi/constants" "5.3.11"
    "@pixi/core" "5.3.11"
    "@pixi/display" "5.3.11"
    "@pixi/math" "5.3.11"
    "@pixi/sprite" "5.3.11"
    "@pixi/utils" "5.3.11"

"@pixi/interaction@5.3.11":
  version "5.3.11"
  resolved "https://registry.yarnpkg.com/@pixi/interaction/-/interaction-5.3.11.tgz#612de44c4a134bcc920a6960f6f78824f691a004"
  integrity sha512-n2K99CYyBcrf8NPxpzmZ5IlJ9TEplsSZfJ/uzMNOEnTObKl4wAhxs51Nb58raH3Ouzwu14YHOpqYrBTEoT1yPA==
  dependencies:
    "@pixi/core" "5.3.11"
    "@pixi/display" "5.3.11"
    "@pixi/math" "5.3.11"
    "@pixi/ticker" "5.3.11"
    "@pixi/utils" "5.3.11"

"@pixi/loaders@5.3.11":
  version "5.3.11"
  resolved "https://registry.yarnpkg.com/@pixi/loaders/-/loaders-5.3.11.tgz#c7e0f3882c2bfdb7c0813b96d1feb1d15e7325f7"
  integrity sha512-1HAeb/NFXyhNhZWAbVkngsTPBGpjZEPhQflBTrKycRaub7XDSZ8F0fwPltpKKVRWNDT+HBgU/zDNE2fpjzqfYg==
  dependencies:
    "@pixi/core" "5.3.11"
    "@pixi/utils" "5.3.11"
    resource-loader "^3.0.1"

"@pixi/math@5.3.11":
  version "5.3.11"
  resolved "https://registry.yarnpkg.com/@pixi/math/-/math-5.3.11.tgz#d9fc945994730d7899e058806b84d5c78f224c8b"
  integrity sha512-GAupgFWVuOKxh8A322x8IctNgKi0/pLTJAXxmsLxcUw5PIQGgDw894HvzUriI+C0fsa9cEZHUbOCfyBKPQDLzw==

"@pixi/mesh-extras@5.3.11":
  version "5.3.11"
  resolved "https://registry.yarnpkg.com/@pixi/mesh-extras/-/mesh-extras-5.3.11.tgz#f0f46bc99e6b269b6fb0be9f95cbf737591e9a7f"
  integrity sha512-1GTCMMUW1xv/72x26cxRysblBXW0wU77TNgqtSIMZ1M6JbleObChklWTvwi9MzQO2vQ3S6Hvcsa5m5EiM2hSPQ==
  dependencies:
    "@pixi/constants" "5.3.11"
    "@pixi/core" "5.3.11"
    "@pixi/math" "5.3.11"
    "@pixi/mesh" "5.3.11"
    "@pixi/utils" "5.3.11"

"@pixi/mesh@5.3.11":
  version "5.3.11"
  resolved "https://registry.yarnpkg.com/@pixi/mesh/-/mesh-5.3.11.tgz#3738d7d753c89ea22f395faeda0b819d064c57f3"
  integrity sha512-KWKKksEr0YuUX1uz1FmpIa/Y37b/0pvFUS+87LoyYq0mRtGbKsTY5i3lBPG/taHwN7a2DQAX3JZpw6yhGKoGpA==
  dependencies:
    "@pixi/constants" "5.3.11"
    "@pixi/core" "5.3.11"
    "@pixi/display" "5.3.11"
    "@pixi/math" "5.3.11"
    "@pixi/settings" "5.3.11"
    "@pixi/utils" "5.3.11"

"@pixi/mixin-cache-as-bitmap@5.3.11":
  version "5.3.11"
  resolved "https://registry.yarnpkg.com/@pixi/mixin-cache-as-bitmap/-/mixin-cache-as-bitmap-5.3.11.tgz#33746d4b54dfbda27b556a7329d87eda9be2d6b8"
  integrity sha512-uQUxatGTTD5zfQ0pWdjibVjT+xEEZJ/xZDZtm/GxC7HSHd4jgoJBcTXWVhbhzwpLPVTnD8+sMnRrGlhoKcpTpQ==
  dependencies:
    "@pixi/core" "5.3.11"
    "@pixi/display" "5.3.11"
    "@pixi/math" "5.3.11"
    "@pixi/settings" "5.3.11"
    "@pixi/sprite" "5.3.11"
    "@pixi/utils" "5.3.11"

"@pixi/mixin-get-child-by-name@5.3.11":
  version "5.3.11"
  resolved "https://registry.yarnpkg.com/@pixi/mixin-get-child-by-name/-/mixin-get-child-by-name-5.3.11.tgz#8f6ba21d1e9cde323afa1143c52420df0f80f4fe"
  integrity sha512-fWFVxWtMYcwJttrgDNmZ4CJrx316p8ToNliC2ILmJZW77me7I4GzJ57gSHQU1xFwdHoOYRC4fnlrZoK5qJ9lDw==
  dependencies:
    "@pixi/display" "5.3.11"

"@pixi/mixin-get-global-position@5.3.11":
  version "5.3.11"
  resolved "https://registry.yarnpkg.com/@pixi/mixin-get-global-position/-/mixin-get-global-position-5.3.11.tgz#e2919e0684a12e756ab86942dc76fe5f4ef60658"
  integrity sha512-wrS9i+UUodLM5XL2N0Y+XSKiqLRdJV3ltFUWG6+jPT5yoP0HsKtx3sFAzX526RwIYwRzRusbc/quxHfRA4tvgg==
  dependencies:
    "@pixi/display" "5.3.11"
    "@pixi/math" "5.3.11"

"@pixi/particles@5.3.11":
  version "5.3.11"
  resolved "https://registry.yarnpkg.com/@pixi/particles/-/particles-5.3.11.tgz#776d2a37683480e937eff3f0860604139b320767"
  integrity sha512-+mkt/inWXtRrxQc07RZ29uNIDWV1oMsrRBVBIvHgpR92Kn8EjIDRgoSXNu0jiZ18gRKKCBhwsS4dCXGsZRQ/sA==
  dependencies:
    "@pixi/constants" "5.3.11"
    "@pixi/core" "5.3.11"
    "@pixi/display" "5.3.11"
    "@pixi/math" "5.3.11"
    "@pixi/utils" "5.3.11"

"@pixi/polyfill@5.3.11":
  version "5.3.11"
  resolved "https://registry.yarnpkg.com/@pixi/polyfill/-/polyfill-5.3.11.tgz#cc96dc9a5ecdd87a4beada46857868e53f8244eb"
  integrity sha512-yQOngcnn+2/L7n6L/g45hCnIDLWdnWmmcCY3UKJrOgbNX+JtLru1RR8AGLifkdsa0R5u48x584YQGqkTAChWVA==
  dependencies:
    es6-promise-polyfill "^1.2.0"
    object-assign "^4.1.1"

"@pixi/prepare@5.3.11":
  version "5.3.11"
  resolved "https://registry.yarnpkg.com/@pixi/prepare/-/prepare-5.3.11.tgz#40a8656586ea03ac4ae6843da96e90733fd7a315"
  integrity sha512-TvjGeg7xPKjv5NxbM5NXReno9yxUCw/N0HtDEtEFRVeBLN3u0Q/dZsXxL6gIvkHoS09NFW+7AwsYQLZrVbppjA==
  dependencies:
    "@pixi/core" "5.3.11"
    "@pixi/display" "5.3.11"
    "@pixi/graphics" "5.3.11"
    "@pixi/settings" "5.3.11"
    "@pixi/text" "5.3.11"
    "@pixi/ticker" "5.3.11"

"@pixi/runner@5.3.11":
  version "5.3.11"
  resolved "https://registry.yarnpkg.com/@pixi/runner/-/runner-5.3.11.tgz#fbf913b0116ffcd594a5dc6a5bbe573091bfc233"
  integrity sha512-Mtb0rnSG+6KOIbr/48AtrILr8PZQepYwqYixVEXM6UHl+7+Z5NIx9fOByiicdjEKJvHIAYveu8yp2/L1vkF+qw==

"@pixi/settings@5.3.11":
  version "5.3.11"
  resolved "https://registry.yarnpkg.com/@pixi/settings/-/settings-5.3.11.tgz#1a7ee477eab29ffe0d47ba79bb9ccafbffd7ccc2"
  integrity sha512-ny/rjSmP+64WqxwmoY17KsFplxpuWbiMQ5SNAgkpi36z6k+utIGT05nIIhyMx3AAGSY+6dRbKmLeKyqCj8q4zw==
  dependencies:
    ismobilejs "^1.1.0"

"@pixi/sprite-animated@5.3.11":
  version "5.3.11"
  resolved "https://registry.yarnpkg.com/@pixi/sprite-animated/-/sprite-animated-5.3.11.tgz#672b602108f4367f2cf5f36fff21a0d6fe7f0785"
  integrity sha512-xU1b6H8nJ1l05h7cBGw2DGo4QdLj7xootstZUx2BrTVX5ZENn5mjAGVD0uRpk8yt7Q6Bj7M+PS7ktzAgBW/hmQ==
  dependencies:
    "@pixi/core" "5.3.11"
    "@pixi/sprite" "5.3.11"
    "@pixi/ticker" "5.3.11"

"@pixi/sprite-tiling@5.3.11":
  version "5.3.11"
  resolved "https://registry.yarnpkg.com/@pixi/sprite-tiling/-/sprite-tiling-5.3.11.tgz#8dcbd333f0940f9804c335b24ee2f396fc2fbf45"
  integrity sha512-KUiWsIumjrnp9QKGMe1BqtrV9Hxm91KoaiOlCBk/gw8753iKvuMmH+/Z0RnzeZylJ1sJsdonTWy/IaLi1jnd0g==
  dependencies:
    "@pixi/constants" "5.3.11"
    "@pixi/core" "5.3.11"
    "@pixi/display" "5.3.11"
    "@pixi/math" "5.3.11"
    "@pixi/sprite" "5.3.11"
    "@pixi/utils" "5.3.11"

"@pixi/sprite@5.3.11":
  version "5.3.11"
  resolved "https://registry.yarnpkg.com/@pixi/sprite/-/sprite-5.3.11.tgz#c344b23efe927a7e4aafb1553121a36fccda319f"
  integrity sha512-RM6Sp8kqzsBdX/hDAO25HZywe9VU4uhOronUOQ5Ve0zRe+trdBWQYfi7+5kAcvzqkp25Izc0C+e+4YCqe5OaHQ==
  dependencies:
    "@pixi/constants" "5.3.11"
    "@pixi/core" "5.3.11"
    "@pixi/display" "5.3.11"
    "@pixi/math" "5.3.11"
    "@pixi/settings" "5.3.11"
    "@pixi/utils" "5.3.11"

"@pixi/spritesheet@5.3.11":
  version "5.3.11"
  resolved "https://registry.yarnpkg.com/@pixi/spritesheet/-/spritesheet-5.3.11.tgz#aeb66451f14b2d0a1ccf3bd4dfaa2b6564beb673"
  integrity sha512-Y9Wiwcz/YOuS1v73Ij9KWQakYBzZfldEy3H8T4GPLK+S19/sypntdkNtRZbmR2wWfhJ4axYEB2/Df86aOAU2qA==
  dependencies:
    "@pixi/core" "5.3.11"
    "@pixi/loaders" "5.3.11"
    "@pixi/math" "5.3.11"
    "@pixi/utils" "5.3.11"

"@pixi/text-bitmap@5.3.11":
  version "5.3.11"
  resolved "https://registry.yarnpkg.com/@pixi/text-bitmap/-/text-bitmap-5.3.11.tgz#f624ee92eb0ccb728e8512a2389868d263450fb7"
  integrity sha512-Bjc/G4VHaPXc9HJsvyYOm5cNTHdqmX6AgzBAlCfltuMAlnveUgUPuX8D/MJHRRnoVSDHSmCBtnJgTc0y/nIeCw==
  dependencies:
    "@pixi/core" "5.3.11"
    "@pixi/display" "5.3.11"
    "@pixi/loaders" "5.3.11"
    "@pixi/math" "5.3.11"
    "@pixi/mesh" "5.3.11"
    "@pixi/settings" "5.3.11"
    "@pixi/text" "5.3.11"
    "@pixi/utils" "5.3.11"

"@pixi/text@5.3.11":
  version "5.3.11"
  resolved "https://registry.yarnpkg.com/@pixi/text/-/text-5.3.11.tgz#b346120922b55ead417b96fdc87a856f793fac1f"
  integrity sha512-PmWvJv0wiKyyz3fahnxM19+m8IbF2vpDKIImqb5472WyxRGzKyVBW90xrADf5202tdKMk4b8hqvpof2XULr5PA==
  dependencies:
    "@pixi/core" "5.3.11"
    "@pixi/math" "5.3.11"
    "@pixi/settings" "5.3.11"
    "@pixi/sprite" "5.3.11"
    "@pixi/utils" "5.3.11"

"@pixi/ticker@5.3.11":
  version "5.3.11"
  resolved "https://registry.yarnpkg.com/@pixi/ticker/-/ticker-5.3.11.tgz#f08261cdcf0c278ada098c92b865375cea04072e"
  integrity sha512-J1CChbSo1SQib1zL5f+FcFJZ6wN7LnWpztJVpKKYy3ZM/v4HSh48UnrGDKn5SLwSq4K7BxvZduwMQ8m4Paz1gQ==
  dependencies:
    "@pixi/settings" "5.3.11"

"@pixi/utils@5.3.11":
  version "5.3.11"
  resolved "https://registry.yarnpkg.com/@pixi/utils/-/utils-5.3.11.tgz#5d96c8c73f23c867122667d746fc099797ba919c"
  integrity sha512-25ZSCTrfV8da28IzvLnTK0BGWB4dHpq5P9IEgFymJvVLK7sAyT+RPz18ewRbBHgALHsszDpfC+qrHp3i+VZP0Q==
  dependencies:
    "@pixi/constants" "5.3.11"
    "@pixi/settings" "5.3.11"
    earcut "^2.1.5"
    eventemitter3 "^3.1.0"
    url "^0.11.0"

"@socket.io/component-emitter@~3.0.0":
  version "3.0.0"
  resolved "https://registry.yarnpkg.com/@socket.io/component-emitter/-/component-emitter-3.0.0.tgz#8863915676f837d9dad7b76f50cb500c1e9422e9"
  integrity sha512-2pTGuibAXJswAPJjaKisthqS/NOK5ypG4LYT6tEAV0S/mxW0zOIvYvGK0V8w8+SHxAm6vRMSjqSalFXeBAqs+Q==

"@types/jquery@~3.5.9":
  version "3.5.16"
  resolved "https://registry.yarnpkg.com/@types/jquery/-/jquery-3.5.16.tgz#632131baf30951915b0317d48c98e9890bdf051d"
  integrity sha512-bsI7y4ZgeMkmpG9OM710RRzDFp+w4P1RGiIt30C1mSBT+ExCleeh4HObwgArnDFELmRrOpXgSYN9VF1hj+f1lw==
  dependencies:
    "@types/sizzle" "*"

"@types/node@*":
  version "18.11.18"
  resolved "https://registry.yarnpkg.com/@types/node/-/node-18.11.18.tgz#8dfb97f0da23c2293e554c5a50d61ef134d7697f"
  integrity sha512-DHQpWGjyQKSHj3ebjFI/wRKcqQcdR+MoFBygntYOZytCqNfkd2ZC4ARDJ2DQqhjH5p85Nnd3jhUJIXrszFX/JA==

"@types/simple-peer@~9.11.1":
  version "9.11.5"
  resolved "https://registry.yarnpkg.com/@types/simple-peer/-/simple-peer-9.11.5.tgz#6baa00edbbd0f632f8561e8fb03b4d21d62f076e"
  integrity sha512-haXgWcAa3Y3Sn+T8lzkE4ErQUpYzhW6Cz2lh00RhQTyWt+xZ3s87wJPztUxlqSdFRqGhe2MQIBd0XsyHP3No4w==
  dependencies:
    "@types/node" "*"

"@types/sizzle@*":
  version "2.3.3"
  resolved "https://registry.yarnpkg.com/@types/sizzle/-/sizzle-2.3.3.tgz#ff5e2f1902969d305225a047c8a0fd5c915cebef"
  integrity sha512-JYM8x9EGF163bEyhdJBpR2QX1R5naCJHC8ucJylJ3w9/CVBaskdQ8WqBf8MmQrd1kRvp/a4TS8HJ+bxzR7ZJYQ==

backo2@~1.0.2:
  version "1.0.2"
  resolved "https://registry.yarnpkg.com/backo2/-/backo2-1.0.2.tgz#31ab1ac8b129363463e35b3ebb69f4dfcfba7947"
  integrity sha512-zj6Z6M7Eq+PBZ7PQxl5NT665MvJdAkzp0f60nAJ+sLaSCBPMwVak5ZegFbgVCzFcCJTKFoMizvM5Ld7+JrRJHA==

copy-anything@^2.0.1:
  version "2.0.6"
  resolved "https://registry.yarnpkg.com/copy-anything/-/copy-anything-2.0.6.tgz#092454ea9584a7b7ad5573062b2a87f5900fc480"
  integrity sha512-1j20GZTsvKNkc4BY3NpMOM8tt///wY3FpIzozTOFO2ffuZcV61nojHXVKIy3WM+7ADCy5FVhdZYHYDdgTU0yJw==
  dependencies:
    is-what "^3.14.1"

debug@^3.2.6:
  version "3.2.7"
  resolved "https://registry.yarnpkg.com/debug/-/debug-3.2.7.tgz#72580b7e9145fb39b6676f9c5e5fb100b934179a"
  integrity sha512-CFjzYYAi4ThfiQvizrFQevTTXHtnCqWfe7x1AhgEscTz6ZbLbfoLRLPugTQyBth6f8ZERVUSyWHFD/7Wu4t1XQ==
  dependencies:
    ms "^2.1.1"

debug@~4.3.1, debug@~4.3.2:
  version "4.3.4"
  resolved "https://registry.yarnpkg.com/debug/-/debug-4.3.4.tgz#1319f6579357f2338d3337d2cdd4914bb5dcc865"
  integrity sha512-PRWFHuSU3eDtQJPvnNY7Jcket1j0t5OuOsFzPPzsekD52Zl8qUfFIPEiswXqIvHWGVHOgX+7G/vCNNhehwxfkQ==
  dependencies:
    ms "2.1.2"

earcut@^2.1.5:
  version "2.2.4"
  resolved "https://registry.yarnpkg.com/earcut/-/earcut-2.2.4.tgz#6d02fd4d68160c114825d06890a92ecaae60343a"
  integrity sha512-/pjZsA1b4RPHbeWZQn66SWS8nZZWLQQ23oE3Eam7aroEFGEvwKAsJfZ9ytiEMycfzXWpca4FA9QIOehf7PocBQ==

engine.io-client@~6.0.1:
  version "6.0.3"
  resolved "https://registry.yarnpkg.com/engine.io-client/-/engine.io-client-6.0.3.tgz#59126c6fbf1846cd3b588a3869a0939e7bfb095c"
  integrity sha512-IH8ZhDIwiLv0d/wXVzmjfV9Y82hbJIDhCGSVUV8o1kcpDe2I6Y3bZA3ZbJy4Ls7k7IVmcy/qn4k9RKWFhUGf5w==
  dependencies:
    "@socket.io/component-emitter" "~3.0.0"
    debug "~4.3.1"
    engine.io-parser "~5.0.0"
    has-cors "1.1.0"
    parseqs "0.0.6"
    parseuri "0.0.6"
    ws "~8.2.3"
    xmlhttprequest-ssl "~2.0.0"
    yeast "0.1.2"

engine.io-parser@~5.0.0:
  version "5.0.6"
  resolved "https://registry.yarnpkg.com/engine.io-parser/-/engine.io-parser-5.0.6.tgz#7811244af173e157295dec9b2718dfe42a64ef45"
  integrity sha512-tjuoZDMAdEhVnSFleYPCtdL2GXwVTGtNjoeJd9IhIG3C1xs9uwxqRNEu5WpnDZCaozwVlK/nuQhpodhXSIMaxw==

errno@^0.1.1:
  version "0.1.8"
  resolved "https://registry.yarnpkg.com/errno/-/errno-0.1.8.tgz#8bb3e9c7d463be4976ff888f76b4809ebc2e811f"
  integrity sha512-dJ6oBr5SQ1VSd9qkk7ByRgb/1SH4JZjCHSW/mr63/QcXO9zLVxvJ6Oy13nio03rxpSnVDDjFor75SjVeZWPW/A==
  dependencies:
    prr "~1.0.1"

es6-promise-polyfill@^1.2.0:
  version "1.2.0"
  resolved "https://registry.yarnpkg.com/es6-promise-polyfill/-/es6-promise-polyfill-1.2.0.tgz#f38925f23cb3e3e8ce6cda8ff774fcebbb090cde"
  integrity sha512-HHb0vydCpoclpd0ySPkRXMmBw80MRt1wM4RBJBlXkux97K7gleabZdsR0gvE1nNPM9mgOZIBTzjjXiPxf4lIqQ==

esbuild-android-64@0.15.18:
  version "0.15.18"
  resolved "https://registry.yarnpkg.com/esbuild-android-64/-/esbuild-android-64-0.15.18.tgz#20a7ae1416c8eaade917fb2453c1259302c637a5"
  integrity sha512-wnpt3OXRhcjfIDSZu9bnzT4/TNTDsOUvip0foZOUBG7QbSt//w3QV4FInVJxNhKc/ErhUxc5z4QjHtMi7/TbgA==

esbuild-android-arm64@0.15.18:
  version "0.15.18"
  resolved "https://registry.yarnpkg.com/esbuild-android-arm64/-/esbuild-android-arm64-0.15.18.tgz#9cc0ec60581d6ad267568f29cf4895ffdd9f2f04"
  integrity sha512-G4xu89B8FCzav9XU8EjsXacCKSG2FT7wW9J6hOc18soEHJdtWu03L3TQDGf0geNxfLTtxENKBzMSq9LlbjS8OQ==

esbuild-darwin-64@0.15.18:
  version "0.15.18"
  resolved "https://registry.yarnpkg.com/esbuild-darwin-64/-/esbuild-darwin-64-0.15.18.tgz#428e1730ea819d500808f220fbc5207aea6d4410"
  integrity sha512-2WAvs95uPnVJPuYKP0Eqx+Dl/jaYseZEUUT1sjg97TJa4oBtbAKnPnl3b5M9l51/nbx7+QAEtuummJZW0sBEmg==

esbuild-darwin-arm64@0.15.18:
  version "0.15.18"
  resolved "https://registry.yarnpkg.com/esbuild-darwin-arm64/-/esbuild-darwin-arm64-0.15.18.tgz#b6dfc7799115a2917f35970bfbc93ae50256b337"
  integrity sha512-tKPSxcTJ5OmNb1btVikATJ8NftlyNlc8BVNtyT/UAr62JFOhwHlnoPrhYWz09akBLHI9nElFVfWSTSRsrZiDUA==

esbuild-freebsd-64@0.15.18:
  version "0.15.18"
  resolved "https://registry.yarnpkg.com/esbuild-freebsd-64/-/esbuild-freebsd-64-0.15.18.tgz#4e190d9c2d1e67164619ae30a438be87d5eedaf2"
  integrity sha512-TT3uBUxkteAjR1QbsmvSsjpKjOX6UkCstr8nMr+q7zi3NuZ1oIpa8U41Y8I8dJH2fJgdC3Dj3CXO5biLQpfdZA==

esbuild-freebsd-arm64@0.15.18:
  version "0.15.18"
  resolved "https://registry.yarnpkg.com/esbuild-freebsd-arm64/-/esbuild-freebsd-arm64-0.15.18.tgz#18a4c0344ee23bd5a6d06d18c76e2fd6d3f91635"
  integrity sha512-R/oVr+X3Tkh+S0+tL41wRMbdWtpWB8hEAMsOXDumSSa6qJR89U0S/PpLXrGF7Wk/JykfpWNokERUpCeHDl47wA==

esbuild-linux-32@0.15.18:
  version "0.15.18"
  resolved "https://registry.yarnpkg.com/esbuild-linux-32/-/esbuild-linux-32-0.15.18.tgz#9a329731ee079b12262b793fb84eea762e82e0ce"
  integrity sha512-lphF3HiCSYtaa9p1DtXndiQEeQDKPl9eN/XNoBf2amEghugNuqXNZA/ZovthNE2aa4EN43WroO0B85xVSjYkbg==

esbuild-linux-64@0.15.18:
  version "0.15.18"
  resolved "https://registry.yarnpkg.com/esbuild-linux-64/-/esbuild-linux-64-0.15.18.tgz#532738075397b994467b514e524aeb520c191b6c"
  integrity sha512-hNSeP97IviD7oxLKFuii5sDPJ+QHeiFTFLoLm7NZQligur8poNOWGIgpQ7Qf8Balb69hptMZzyOBIPtY09GZYw==

esbuild-linux-arm64@0.15.18:
  version "0.15.18"
  resolved "https://registry.yarnpkg.com/esbuild-linux-arm64/-/esbuild-linux-arm64-0.15.18.tgz#5372e7993ac2da8f06b2ba313710d722b7a86e5d"
  integrity sha512-54qr8kg/6ilcxd+0V3h9rjT4qmjc0CccMVWrjOEM/pEcUzt8X62HfBSeZfT2ECpM7104mk4yfQXkosY8Quptug==

esbuild-linux-arm@0.15.18:
  version "0.15.18"
  resolved "https://registry.yarnpkg.com/esbuild-linux-arm/-/esbuild-linux-arm-0.15.18.tgz#e734aaf259a2e3d109d4886c9e81ec0f2fd9a9cc"
  integrity sha512-UH779gstRblS4aoS2qpMl3wjg7U0j+ygu3GjIeTonCcN79ZvpPee12Qun3vcdxX+37O5LFxz39XeW2I9bybMVA==

esbuild-linux-mips64le@0.15.18:
  version "0.15.18"
  resolved "https://registry.yarnpkg.com/esbuild-linux-mips64le/-/esbuild-linux-mips64le-0.15.18.tgz#c0487c14a9371a84eb08fab0e1d7b045a77105eb"
  integrity sha512-Mk6Ppwzzz3YbMl/ZZL2P0q1tnYqh/trYZ1VfNP47C31yT0K8t9s7Z077QrDA/guU60tGNp2GOwCQnp+DYv7bxQ==

esbuild-linux-ppc64le@0.15.18:
  version "0.15.18"
  resolved "https://registry.yarnpkg.com/esbuild-linux-ppc64le/-/esbuild-linux-ppc64le-0.15.18.tgz#af048ad94eed0ce32f6d5a873f7abe9115012507"
  integrity sha512-b0XkN4pL9WUulPTa/VKHx2wLCgvIAbgwABGnKMY19WhKZPT+8BxhZdqz6EgkqCLld7X5qiCY2F/bfpUUlnFZ9w==

esbuild-linux-riscv64@0.15.18:
  version "0.15.18"
  resolved "https://registry.yarnpkg.com/esbuild-linux-riscv64/-/esbuild-linux-riscv64-0.15.18.tgz#423ed4e5927bd77f842bd566972178f424d455e6"
  integrity sha512-ba2COaoF5wL6VLZWn04k+ACZjZ6NYniMSQStodFKH/Pu6RxzQqzsmjR1t9QC89VYJxBeyVPTaHuBMCejl3O/xg==

esbuild-linux-s390x@0.15.18:
  version "0.15.18"
  resolved "https://registry.yarnpkg.com/esbuild-linux-s390x/-/esbuild-linux-s390x-0.15.18.tgz#21d21eaa962a183bfb76312e5a01cc5ae48ce8eb"
  integrity sha512-VbpGuXEl5FCs1wDVp93O8UIzl3ZrglgnSQ+Hu79g7hZu6te6/YHgVJxCM2SqfIila0J3k0csfnf8VD2W7u2kzQ==

esbuild-netbsd-64@0.15.18:
  version "0.15.18"
  resolved "https://registry.yarnpkg.com/esbuild-netbsd-64/-/esbuild-netbsd-64-0.15.18.tgz#ae75682f60d08560b1fe9482bfe0173e5110b998"
  integrity sha512-98ukeCdvdX7wr1vUYQzKo4kQ0N2p27H7I11maINv73fVEXt2kyh4K4m9f35U1K43Xc2QGXlzAw0K9yoU7JUjOg==

esbuild-openbsd-64@0.15.18:
  version "0.15.18"
  resolved "https://registry.yarnpkg.com/esbuild-openbsd-64/-/esbuild-openbsd-64-0.15.18.tgz#79591a90aa3b03e4863f93beec0d2bab2853d0a8"
  integrity sha512-yK5NCcH31Uae076AyQAXeJzt/vxIo9+omZRKj1pauhk3ITuADzuOx5N2fdHrAKPxN+zH3w96uFKlY7yIn490xQ==

esbuild-sunos-64@0.15.18:
  version "0.15.18"
  resolved "https://registry.yarnpkg.com/esbuild-sunos-64/-/esbuild-sunos-64-0.15.18.tgz#fd528aa5da5374b7e1e93d36ef9b07c3dfed2971"
  integrity sha512-On22LLFlBeLNj/YF3FT+cXcyKPEI263nflYlAhz5crxtp3yRG1Ugfr7ITyxmCmjm4vbN/dGrb/B7w7U8yJR9yw==

esbuild-windows-32@0.15.18:
  version "0.15.18"
  resolved "https://registry.yarnpkg.com/esbuild-windows-32/-/esbuild-windows-32-0.15.18.tgz#0e92b66ecdf5435a76813c4bc5ccda0696f4efc3"
  integrity sha512-o+eyLu2MjVny/nt+E0uPnBxYuJHBvho8vWsC2lV61A7wwTWC3jkN2w36jtA+yv1UgYkHRihPuQsL23hsCYGcOQ==

esbuild-windows-64@0.15.18:
  version "0.15.18"
  resolved "https://registry.yarnpkg.com/esbuild-windows-64/-/esbuild-windows-64-0.15.18.tgz#0fc761d785414284fc408e7914226d33f82420d0"
  integrity sha512-qinug1iTTaIIrCorAUjR0fcBk24fjzEedFYhhispP8Oc7SFvs+XeW3YpAKiKp8dRpizl4YYAhxMjlftAMJiaUw==

esbuild-windows-arm64@0.15.18:
  version "0.15.18"
  resolved "https://registry.yarnpkg.com/esbuild-windows-arm64/-/esbuild-windows-arm64-0.15.18.tgz#5b5bdc56d341d0922ee94965c89ee120a6a86eb7"
  integrity sha512-q9bsYzegpZcLziq0zgUi5KqGVtfhjxGbnksaBFYmWLxeV/S1fK4OLdq2DFYnXcLMjlZw2L0jLsk1eGoB522WXQ==

esbuild@^0.15.7:
  version "0.15.18"
  resolved "https://registry.yarnpkg.com/esbuild/-/esbuild-0.15.18.tgz#ea894adaf3fbc036d32320a00d4d6e4978a2f36d"
  integrity sha512-x/R72SmW3sSFRm5zrrIjAhCeQSAWoni3CmHEqfQrZIQTM3lVCdehdwuIqaOtfC2slvpdlLa62GYoN8SxT23m6Q==
  optionalDependencies:
    "@esbuild/android-arm" "0.15.18"
    "@esbuild/linux-loong64" "0.15.18"
    esbuild-android-64 "0.15.18"
    esbuild-android-arm64 "0.15.18"
    esbuild-darwin-64 "0.15.18"
    esbuild-darwin-arm64 "0.15.18"
    esbuild-freebsd-64 "0.15.18"
    esbuild-freebsd-arm64 "0.15.18"
    esbuild-linux-32 "0.15.18"
    esbuild-linux-64 "0.15.18"
    esbuild-linux-arm "0.15.18"
    esbuild-linux-arm64 "0.15.18"
    esbuild-linux-mips64le "0.15.18"
    esbuild-linux-ppc64le "0.15.18"
    esbuild-linux-riscv64 "0.15.18"
    esbuild-linux-s390x "0.15.18"
    esbuild-netbsd-64 "0.15.18"
    esbuild-openbsd-64 "0.15.18"
    esbuild-sunos-64 "0.15.18"
    esbuild-windows-32 "0.15.18"
    esbuild-windows-64 "0.15.18"
    esbuild-windows-arm64 "0.15.18"

eventemitter3@^3.1.0:
  version "3.1.2"
  resolved "https://registry.yarnpkg.com/eventemitter3/-/eventemitter3-3.1.2.tgz#2d3d48f9c346698fce83a85d7d664e98535df6e7"
  integrity sha512-tvtQIeLVHjDkJYnzf2dgVMxfuSGJeM/7UCG17TT4EumTfNtF+0nebF/4zWOIkCreAbtNqhGEboB6BWrwqNaw4Q==

graceful-fs@^4.1.2:
  version "4.2.10"
  resolved "https://registry.yarnpkg.com/graceful-fs/-/graceful-fs-4.2.10.tgz#147d3a006da4ca3ce14728c7aefc287c367d7a6c"
  integrity sha512-9ByhssR2fPVsNZj478qUUbKfmL0+t5BDVyjShtyZZLiK7ZDAArFFfopyOTj0M05wE2tJPisA4iTnnXl2YoPvOA==

handlebars@4.7.7:
  version "4.7.7"
  resolved "https://registry.yarnpkg.com/handlebars/-/handlebars-4.7.7.tgz#9ce33416aad02dbd6c8fafa8240d5d98004945a1"
  integrity sha512-aAcXm5OAfE/8IXkcZvCepKU3VzW1/39Fb5ZuqMtgI/hT8X2YgoMvBY5dLhq/cpOvw7Lk1nK/UF71aLG/ZnVYRA==
  dependencies:
    minimist "^1.2.5"
    neo-async "^2.6.0"
    source-map "^0.6.1"
    wordwrap "^1.0.0"
  optionalDependencies:
    uglify-js "^3.1.4"

has-cors@1.1.0:
  version "1.1.0"
  resolved "https://registry.yarnpkg.com/has-cors/-/has-cors-1.1.0.tgz#5e474793f7ea9843d1bb99c23eef49ff126fff39"
  integrity sha512-g5VNKdkFuUuVCP9gYfDJHjK2nqdQJ7aDLTnycnc2+RvsOQbuLdF5pm7vuE5J76SEBIQjs4kQY/BWq74JUmjbXA==

iconv-lite@^0.6.3:
  version "0.6.3"
  resolved "https://registry.yarnpkg.com/iconv-lite/-/iconv-lite-0.6.3.tgz#a52f80bf38da1952eb5c681790719871a1a72501"
  integrity sha512-4fCk79wshMdzMp2rH06qWrJE4iolqLhCUH+OiuIgU++RB0+94NlDL81atO7GX55uUKueo0txHNtvEyI6D7WdMw==
  dependencies:
    safer-buffer ">= 2.1.2 < 3.0.0"

image-size@~0.5.0:
  version "0.5.5"
  resolved "https://registry.yarnpkg.com/image-size/-/image-size-0.5.5.tgz#09dfd4ab9d20e29eb1c3e80b8990378df9e3cb9c"
  integrity sha512-6TDAlDPZxUFCv+fuOkIoXT/V/f3Qbq8e37p+YOiYrUv3v9cc3/6x78VdfPgFVaB9dZYeLUfKgHRebpkm/oP2VQ==

is-what@^3.14.1:
  version "3.14.1"
  resolved "https://registry.yarnpkg.com/is-what/-/is-what-3.14.1.tgz#e1222f46ddda85dead0fd1c9df131760e77755c1"
  integrity sha512-sNxgpk9793nzSs7bA6JQJGeIuRBQhAaNGG77kzYQgMkrID+lS6SlK07K5LaptscDlSaIgH+GPFzf+d75FVxozA==

ismobilejs@^1.1.0:
  version "1.1.1"
  resolved "https://registry.yarnpkg.com/ismobilejs/-/ismobilejs-1.1.1.tgz#c56ca0ae8e52b24ca0f22ba5ef3215a2ddbbaa0e"
  integrity sha512-VaFW53yt8QO61k2WJui0dHf4SlL8lxBofUuUmwBo0ljPk0Drz2TiuDW4jo3wDcv41qy/SxrJ+VAzJ/qYqsmzRw==

less@^4.1.3:
  version "4.1.3"
  resolved "https://registry.yarnpkg.com/less/-/less-4.1.3.tgz#175be9ddcbf9b250173e0a00b4d6920a5b770246"
  integrity sha512-w16Xk/Ta9Hhyei0Gpz9m7VS8F28nieJaL/VyShID7cYvP6IL5oHeL6p4TXSDJqZE/lNv0oJ2pGVjJsRkfwm5FA==
  dependencies:
    copy-anything "^2.0.1"
    parse-node-version "^1.0.1"
    tslib "^2.3.0"
  optionalDependencies:
    errno "^0.1.1"
    graceful-fs "^4.1.2"
    image-size "~0.5.0"
    make-dir "^2.1.0"
    mime "^1.4.1"
    needle "^3.1.0"
    source-map "~0.6.0"

make-dir@^2.1.0:
  version "2.1.0"
  resolved "https://registry.yarnpkg.com/make-dir/-/make-dir-2.1.0.tgz#5f0310e18b8be898cc07009295a30ae41e91e6f5"
  integrity sha512-LS9X+dc8KLxXCb8dni79fLIIUA5VyZoyjSMCwTluaXA0o27cCK0bhXkpgw+sTXVpPy/lSO57ilRixqk0vDmtRA==
  dependencies:
    pify "^4.0.1"
    semver "^5.6.0"

mime@^1.4.1:
  version "1.6.0"
  resolved "https://registry.yarnpkg.com/mime/-/mime-1.6.0.tgz#32cd9e5c64553bd58d19a568af452acff04981b1"
  integrity sha512-x0Vn8spI+wuJ1O6S7gnbaQg8Pxh4NNHb7KSINmEWKiPE4RKOplvijn+NkmYmmRgP68mc70j2EbeTFRsrswaQeg==

mini-signals@^1.2.0:
  version "1.2.0"
  resolved "https://registry.yarnpkg.com/mini-signals/-/mini-signals-1.2.0.tgz#45b08013c5fae51a24aa1a935cd317c9ed721d74"
  integrity sha512-alffqMkGCjjTSwvYMVLx+7QeJ6sTuxbXqBkP21my4iWU5+QpTQAJt3h7htA1OKm9F3BpMM0vnu72QIoiJakrLA==

minimist@^1.2.5:
  version "1.2.7"
  resolved "https://registry.yarnpkg.com/minimist/-/minimist-1.2.7.tgz#daa1c4d91f507390437c6a8bc01078e7000c4d18"
  integrity sha512-bzfL1YUZsP41gmu/qjrEk0Q6i2ix/cVeAhbCbqH9u3zYutS1cLg00qhrD0M2MVdCcx4Sc0UpP2eBWo9rotpq6g==

ms@2.1.2:
  version "2.1.2"
  resolved "https://registry.yarnpkg.com/ms/-/ms-2.1.2.tgz#d09d1f357b443f493382a8eb3ccd183872ae6009"
  integrity sha512-sGkPx+VjMtmA6MX27oA4FBFELFCZZ4S4XqeGOXCv68tT+jb3vk/RyaKWP0PTKyWtmLSM0b+adUTEvbs1PEaH2w==

ms@^2.1.1:
  version "2.1.3"
  resolved "https://registry.yarnpkg.com/ms/-/ms-2.1.3.tgz#574c8138ce1d2b5861f0b44579dbadd60c6615b2"
  integrity sha512-6FlzubTLZG3J2a/NVCAleEhjzq5oxgHyaCU9yYXvcLsvoVaHJq/s5xXI6/XXP6tz7R9xAOtHnSO/tXtF3WRTlA==

needle@^3.1.0:
  version "3.2.0"
  resolved "https://registry.yarnpkg.com/needle/-/needle-3.2.0.tgz#07d240ebcabfd65c76c03afae7f6defe6469df44"
  integrity sha512-oUvzXnyLiVyVGoianLijF9O/RecZUf7TkBfimjGrLM4eQhXyeJwM6GeAWccwfQ9aa4gMCZKqhAOuLaMIcQxajQ==
  dependencies:
    debug "^3.2.6"
    iconv-lite "^0.6.3"
    sax "^1.2.4"

neo-async@^2.6.0:
  version "2.6.2"
  resolved "https://registry.yarnpkg.com/neo-async/-/neo-async-2.6.2.tgz#b4aafb93e3aeb2d8174ca53cf163ab7d7308305f"
  integrity sha512-Yd3UES5mWCSqR+qNT93S3UoYUkqAZ9lLg8a7g9rimsWmYGK8cVToA4/sF3RrshdyV3sAGMXVUmpMYOw+dLpOuw==

object-assign@^4.1.1:
  version "4.1.1"
  resolved "https://registry.yarnpkg.com/object-assign/-/object-assign-4.1.1.tgz#2109adc7965887cfc05cbbd442cac8bfbb360863"
  integrity sha512-rJgTQnkUnH1sFw8yT6VSU3zD3sWmu6sZhIseY8VX+GRu3P6F7Fu+JNDoXfklElbLJSnc3FUQHVe4cU5hj+BcUg==

parse-node-version@^1.0.1:
  version "1.0.1"
  resolved "https://registry.yarnpkg.com/parse-node-version/-/parse-node-version-1.0.1.tgz#e2b5dbede00e7fa9bc363607f53327e8b073189b"
  integrity sha512-3YHlOa/JgH6Mnpr05jP9eDG254US9ek25LyIxZlDItp2iJtwyaXQb57lBYLdT3MowkUFYEV2XXNAYIPlESvJlA==

parse-uri@^1.0.0:
  version "1.0.7"
  resolved "https://registry.yarnpkg.com/parse-uri/-/parse-uri-1.0.7.tgz#287629a09328a97e398468f21b8a00c4a2d9cc73"
  integrity sha512-eWuZCMKNlVkXrEoANdXxbmqhu2SQO9jUMCSpdbJDObin0JxISn6e400EWsSRbr/czdKvWKkhZnMKEGUwf/Plmg==

parseqs@0.0.6:
  version "0.0.6"
  resolved "https://registry.yarnpkg.com/parseqs/-/parseqs-0.0.6.tgz#8e4bb5a19d1cdc844a08ac974d34e273afa670d5"
  integrity sha512-jeAGzMDbfSHHA091hr0r31eYfTig+29g3GKKE/PPbEQ65X0lmMwlEoqmhzu0iztID5uJpZsFlUPDP8ThPL7M8w==

parseuri@0.0.6:
  version "0.0.6"
  resolved "https://registry.yarnpkg.com/parseuri/-/parseuri-0.0.6.tgz#e1496e829e3ac2ff47f39a4dd044b32823c4a25a"
  integrity sha512-AUjen8sAkGgao7UyCX6Ahv0gIK2fABKmYjvP4xmy5JaKvcbTRueIqIPHLAfq30xJddqSE033IOMUSOMCcK3Sow==

pify@^4.0.1:
  version "4.0.1"
  resolved "https://registry.yarnpkg.com/pify/-/pify-4.0.1.tgz#4b2cd25c50d598735c50292224fd8c6df41e3231"
  integrity sha512-uB80kBFb/tfd68bVleG9T5GGsGPjJrLAUpR5PZIrhBnIaRTQRjqdJSsIKkOP6OAIFbj7GOrcudc5pNjZ+geV2g==

pixi-particles@4.3.1:
  version "4.3.1"
  resolved "https://registry.yarnpkg.com/pixi-particles/-/pixi-particles-4.3.1.tgz#8457b52f51d9ab9ef266cdcb86a762ec882113d8"
  integrity sha512-XSqDFgYwm/7FRCgP5I2Fc57d98qvb1ql/x4uTjdP4uXDUGgjdO8OW/2A0HVWS1CkOht/1x6dQzsM1oCJAUlaow==

pixi.js@5.3.11:
  version "5.3.11"
  resolved "https://registry.yarnpkg.com/pixi.js/-/pixi.js-5.3.11.tgz#62192b4f10c424bb5c67028622588d96593a8f50"
  integrity sha512-/9td6IHDQqG0Po5lyQ5aKDzrnEVD1SvGourI4Nqp0mvNI0Cbm74tMHLjk1V5foqGPAS9pochENr6Y3ft/2cDiQ==
  dependencies:
    "@pixi/accessibility" "5.3.11"
    "@pixi/app" "5.3.11"
    "@pixi/constants" "5.3.11"
    "@pixi/core" "5.3.11"
    "@pixi/display" "5.3.11"
    "@pixi/extract" "5.3.11"
    "@pixi/filter-alpha" "5.3.11"
    "@pixi/filter-blur" "5.3.11"
    "@pixi/filter-color-matrix" "5.3.11"
    "@pixi/filter-displacement" "5.3.11"
    "@pixi/filter-fxaa" "5.3.11"
    "@pixi/filter-noise" "5.3.11"
    "@pixi/graphics" "5.3.11"
    "@pixi/interaction" "5.3.11"
    "@pixi/loaders" "5.3.11"
    "@pixi/math" "5.3.11"
    "@pixi/mesh" "5.3.11"
    "@pixi/mesh-extras" "5.3.11"
    "@pixi/mixin-cache-as-bitmap" "5.3.11"
    "@pixi/mixin-get-child-by-name" "5.3.11"
    "@pixi/mixin-get-global-position" "5.3.11"
    "@pixi/particles" "5.3.11"
    "@pixi/polyfill" "5.3.11"
    "@pixi/prepare" "5.3.11"
    "@pixi/runner" "5.3.11"
    "@pixi/settings" "5.3.11"
    "@pixi/sprite" "5.3.11"
    "@pixi/sprite-animated" "5.3.11"
    "@pixi/sprite-tiling" "5.3.11"
    "@pixi/spritesheet" "5.3.11"
    "@pixi/text" "5.3.11"
    "@pixi/text-bitmap" "5.3.11"
    "@pixi/ticker" "5.3.11"
    "@pixi/utils" "5.3.11"

prr@~1.0.1:
  version "1.0.1"
  resolved "https://registry.yarnpkg.com/prr/-/prr-1.0.1.tgz#d3fc114ba06995a45ec6893f484ceb1d78f5f476"
  integrity sha512-yPw4Sng1gWghHQWj0B3ZggWUm4qVbPwPFcRG8KyxiU7J2OHFSoEHKS+EZ3fv5l1t9CyCiop6l/ZYeWbrgoQejw==

punycode@1.3.2:
  version "1.3.2"
  resolved "https://registry.yarnpkg.com/punycode/-/punycode-1.3.2.tgz#9653a036fb7c1ee42342f2325cceefea3926c48d"
  integrity sha512-RofWgt/7fL5wP1Y7fxE7/EmTLzQVnB0ycyibJ0OOHIlJqTNzglYFxVwETOcIoJqJmpDXJ9xImDv+Fq34F/d4Dw==

querystring@0.2.0:
  version "0.2.0"
  resolved "https://registry.yarnpkg.com/querystring/-/querystring-0.2.0.tgz#b209849203bb25df820da756e747005878521620"
  integrity sha512-X/xY82scca2tau62i9mDyU9K+I+djTMUsvwf7xnUX5GLvVzgJybOJf4Y6o9Zx3oJK/LSXg5tTZBjwzqVPaPO2g==

resource-loader@^3.0.1:
  version "3.0.1"
  resolved "https://registry.yarnpkg.com/resource-loader/-/resource-loader-3.0.1.tgz#33355bb5421e2994f59454bbc7f6dbff8df06d47"
  integrity sha512-fBuCRbEHdLCI1eglzQhUv9Rrdcmqkydr1r6uHE2cYHvRBrcLXeSmbE/qI/urFt8rPr/IGxir3BUwM5kUK8XoyA==
  dependencies:
    mini-signals "^1.2.0"
    parse-uri "^1.0.0"

"safer-buffer@>= 2.1.2 < 3.0.0":
  version "2.1.2"
  resolved "https://registry.yarnpkg.com/safer-buffer/-/safer-buffer-2.1.2.tgz#44fa161b0187b9549dd84bb91802f9bd8385cd6a"
  integrity sha512-YZo3K82SD7Riyi0E1EQPojLz7kpepnSQI9IyPbHHg1XXXevb5dJI7tpyN2ADxGcQbHG7vcyRHk0cbwqcQriUtg==

sax@^1.2.4:
  version "1.2.4"
  resolved "https://registry.yarnpkg.com/sax/-/sax-1.2.4.tgz#2816234e2378bddc4e5354fab5caa895df7100d9"
  integrity sha512-NqVDv9TpANUjFm0N8uM5GxL36UgKi9/atZw+x7YFnQ8ckwFGKrl4xX4yWtrey3UJm5nP1kUbnYgLopqWNSRhWw==

semver@^5.6.0:
  version "5.7.1"
  resolved "https://registry.yarnpkg.com/semver/-/semver-5.7.1.tgz#a954f931aeba508d307bbf069eff0c01c96116f7"
  integrity sha512-sauaDf/PZdVgrLTNYHRtpXa1iRiKcaebiKQ1BJdpQlWH2lCvexQdX55snPFyK7QzpudqbCI0qXFfOasHdyNDGQ==

socket.io-client@4.3.2:
  version "4.3.2"
  resolved "https://registry.yarnpkg.com/socket.io-client/-/socket.io-client-4.3.2.tgz#9cfdb8fecac8a24d5723daf8c8749e70c8fdeb25"
  integrity sha512-2B9LqSunN60yV8F7S84CCEEcgbYNfrn7ejIInZtLZ7ppWtiX8rGZAjvdCvbnC8bqo/9RlCNOUsORLyskxSFP1g==
  dependencies:
    "@socket.io/component-emitter" "~3.0.0"
    backo2 "~1.0.2"
    debug "~4.3.2"
    engine.io-client "~6.0.1"
    parseuri "0.0.6"
    socket.io-parser "~4.1.1"

socket.io-parser@~4.1.1:
  version "4.1.2"
  resolved "https://registry.yarnpkg.com/socket.io-parser/-/socket.io-parser-4.1.2.tgz#0a97d4fb8e67022158a568450a6e41887e42035e"
  integrity sha512-j3kk71QLJuyQ/hh5F/L2t1goqzdTL0gvDzuhTuNSwihfuFUrcSji0qFZmJJPtG6Rmug153eOPsUizeirf1IIog==
  dependencies:
    "@socket.io/component-emitter" "~3.0.0"
    debug "~4.3.1"

source-map@^0.6.1, source-map@~0.6.0:
  version "0.6.1"
  resolved "https://registry.yarnpkg.com/source-map/-/source-map-0.6.1.tgz#74722af32e9614e9c287a8d0bbde48b5e2f1a263"
  integrity sha512-UjgapumWlbMhkBgzT7Ykc5YXUT46F0iKu8SGXq0bcwP5dz/h0Plj6enJqjz1Zbq2l5WaqYnrVbwWOWMyF3F47g==

tinymce@5.10.1:
  version "5.10.1"
  resolved "https://registry.yarnpkg.com/tinymce/-/tinymce-5.10.1.tgz#e0a360c7cc42e3e8ba2ac8a523166eca3493a880"
  integrity sha512-aIsFTYiuESpoYkCgkoojpVtPwrSvYBxp4mMEGsj20CnUruLCWosywkbYHDII+j7KlQZZn3p+xK89f5gT3QyuGw==

tslib@^2.3.0:
  version "2.5.0"
  resolved "https://registry.yarnpkg.com/tslib/-/tslib-2.5.0.tgz#42bfed86f5787aeb41d031866c8f402429e0fddf"
  integrity sha512-336iVw3rtn2BUK7ORdIAHTyxHGRIHVReokCR3XjbckJMK7ms8FysBfhLR8IXnAgy7T0PTPNBWKiH514FOW/WSg==

uglify-js@^3.1.4:
  version "3.17.4"
  resolved "https://registry.yarnpkg.com/uglify-js/-/uglify-js-3.17.4.tgz#61678cf5fa3f5b7eb789bb345df29afb8257c22c"
  integrity sha512-T9q82TJI9e/C1TAxYvfb16xO120tMVFZrGA3f9/P4424DNu6ypK103y0GPFVa17yotwSyZW5iYXgjYHkGrJW/g==

url@^0.11.0:
  version "0.11.0"
  resolved "https://registry.yarnpkg.com/url/-/url-0.11.0.tgz#3838e97cfc60521eb73c525a8e55bfdd9e2e28f1"
  integrity sha512-kbailJa29QrtXnxgq+DdCEGlbTeYM2eJUxsz6vjZavrCYPMIFHMKQmSKYAIuUK2i7hgPm28a8piX5NTUtM/LKQ==
  dependencies:
    punycode "1.3.2"
    querystring "0.2.0"

wordwrap@^1.0.0:
  version "1.0.0"
  resolved "https://registry.yarnpkg.com/wordwrap/-/wordwrap-1.0.0.tgz#27584810891456a4171c8d0226441ade90cbcaeb"
  integrity sha512-gvVzJFlPycKc5dZN4yPkP8w7Dc37BtP1yczEneOb4uq34pXZcvrtRTmWV8W+Ume+XCxKgbjM+nevkyFPMybd4Q==

ws@~8.2.3:
  version "8.2.3"
  resolved "https://registry.yarnpkg.com/ws/-/ws-8.2.3.tgz#63a56456db1b04367d0b721a0b80cae6d8becbba"
  integrity sha512-wBuoj1BDpC6ZQ1B7DWQBYVLphPWkm8i9Y0/3YdHjHKHiohOJ1ws+3OccDWtH+PoC9DZD5WOTrJvNbWvjS6JWaA==

xmlhttprequest-ssl@~2.0.0:
  version "2.0.0"
  resolved "https://registry.yarnpkg.com/xmlhttprequest-ssl/-/xmlhttprequest-ssl-2.0.0.tgz#91360c86b914e67f44dce769180027c0da618c67"
  integrity sha512-QKxVRxiRACQcVuQEYFsI1hhkrMlrXHPegbbd1yn9UHOmRxY+si12nQYzri3vbzt8VdTTRviqcKxcyllFas5z2A==

yeast@0.1.2:
  version "0.1.2"
  resolved "https://registry.yarnpkg.com/yeast/-/yeast-0.1.2.tgz#008e06d8094320c372dbc2f8ed76a0ca6c8ac419"
  integrity sha512-8HFIh676uyGYP6wP13R/j6OJ/1HwJ46snpvzE7aHAN3Ryqh2yX6Xox2B4CUmTwwOIzlG3Bs7ocsP5dZH/R1Qbg==
